
Microsoft Visual Studio Solution File, Format Version 12.00
# Visual Studio Version 17
VisualStudioVersion = 17.13.35806.99 d17.13
MinimumVisualStudioVersion = 10.0.40219.1
Project("{FAE04EC0-301F-11D3-BF4B-00C04F79EFBC}") = "WpfApp14", "WpfApp14\WpfApp14.csproj", "{6E8640C4-68D0-4607-A230-E745464FE5E2}"
EndProject
Global
	GlobalSection(SolutionConfigurationPlatforms) = preSolution
		Debug|Any CPU = Debug|Any CPU
		Release|Any CPU = Release|Any CPU
	EndGlobalSection
	GlobalSection(ProjectConfigurationPlatforms) = postSolution
		{6E8640C4-68D0-4607-A230-E745464FE5E2}.Debug|Any CPU.ActiveCfg = Debug|Any CPU
		{6E8640C4-68D0-4607-A230-E745464FE5E2}.Debug|Any CPU.Build.0 = Debug|Any CPU
		{6E8640C4-68D0-4607-A230-E745464FE5E2}.Release|Any CPU.ActiveCfg = Release|Any CPU
		{6E8640C4-68D0-4607-A230-E745464FE5E2}.Release|Any CPU.Build.0 = Release|Any CPU
	EndGlobalSection
	GlobalSection(SolutionProperties) = preSolution
		HideSolutionNode = FALSE
	EndGlobalSection
	GlobalSection(ExtensibilityGlobals) = postSolution
		SolutionGuid = {8F35AB88-3F9B-482A-9371-E73ED97BFD10}
	EndGlobalSection
EndGlobal
